// !$*UTF8*$!
{
	archiveVersion = 1;
	classes = {
	};
	objectVersion = 50;
	objects = {

/* Begin PBXBuildFile section */
		8872FDD426881AC0003B64E2 /* Assets.xcassets in Resources */ = {isa = PBXBuildFile; fileRef = 8872FDD326881AC0003B64E2 /* Assets.xcassets */; };
		8872FDE526881C4B003B64E2 /* Board in Resources */ = {isa = PBXBuildFile; fileRef = 8872FDDE26881C4A003B64E2 /* Board */; };
		8872FDE626881C4B003B64E2 /* Networking in Resources */ = {isa = PBXBuildFile; fileRef = 8872FDDF26881C4A003B64E2 /* Networking */; };
		8872FDE726881C4B003B64E2 /* SupportFiles in Resources */ = {isa = PBXBuildFile; fileRef = 8872FDE026881C4A003B64E2 /* SupportFiles */; };
		8872FDE826881C4B003B64E2 /* Config in Resources */ = {isa = PBXBuildFile; fileRef = 8872FDE126881C4A003B64E2 /* Config */; };
		8872FDE926881C4B003B64E2 /* View in Resources */ = {isa = PBXBuildFile; fileRef = 8872FDE226881C4B003B64E2 /* View */; };
		8872FDEA26881C4B003B64E2 /* ViewModel in Resources */ = {isa = PBXBuildFile; fileRef = 8872FDE326881C4B003B64E2 /* ViewModel */; };
		8872FDEB26881C4B003B64E2 /* Model in Resources */ = {isa = PBXBuildFile; fileRef = 8872FDE426881C4B003B64E2 /* Model */; };
/* End PBXBuildFile section */

/* Begin PBXFileReference section */
		8872FDC726881AB1003B64E2 /* AtHome.app */ = {isa = PBXFileReference; explicitFileType = wrapper.application; includeInIndex = 0; path = AtHome.app; sourceTree = BUILT_PRODUCTS_DIR; };
		8872FDD326881AC0003B64E2 /* Assets.xcassets */ = {isa = PBXFileReference; lastKnownFileType = folder.assetcatalog; path = Assets.xcassets; sourceTree = "<group>"; };
		8872FDDE26881C4A003B64E2 /* Board */ = {isa = PBXFileReference; lastKnownFileType = folder; path = Board; sourceTree = "<group>"; };
		8872FDDF26881C4A003B64E2 /* Networking */ = {isa = PBXFileReference; lastKnownFileType = folder; path = Networking; sourceTree = "<group>"; };
		8872FDE026881C4A003B64E2 /* SupportFiles */ = {isa = PBXFileReference; lastKnownFileType = folder; path = SupportFiles; sourceTree = "<group>"; };
		8872FDE126881C4A003B64E2 /* Config */ = {isa = PBXFileReference; lastKnownFileType = folder; path = Config; sourceTree = "<group>"; };
		8872FDE226881C4B003B64E2 /* View */ = {isa = PBXFileReference; lastKnownFileType = folder; path = View; sourceTree = "<group>"; };
		8872FDE326881C4B003B64E2 /* ViewModel */ = {isa = PBXFileReference; lastKnownFileType = folder; path = ViewModel; sourceTree = "<group>"; };
		8872FDE426881C4B003B64E2 /* Model */ = {isa = PBXFileReference; lastKnownFileType = folder; path = Model; sourceTree = "<group>"; };
/* End PBXFileReference section */

/* Begin PBXFrameworksBuildPhase section */
		8872FDC426881AB1003B64E2 /* Frameworks */ = {
			isa = PBXFrameworksBuildPhase;
			buildActionMask = 2147483647;
			files = (
			);
			runOnlyForDeploymentPostprocessing = 0;
		};
/* End PBXFrameworksBuildPhase section */

/* Begin PBXGroup section */
		8872FDBE26881AB0003B64E2 = {
			isa = PBXGroup;
			children = (
				8872FDC926881AB1003B64E2 /* AtHome */,
				8872FDC826881AB1003B64E2 /* Products */,
			);
			sourceTree = "<group>";
		};
		8872FDC826881AB1003B64E2 /* Products */ = {
			isa = PBXGroup;
			children = (
				8872FDC726881AB1003B64E2 /* AtHome.app */,
			);
			name = Products;
			sourceTree = "<group>";
		};
		8872FDC926881AB1003B64E2 /* AtHome */ = {
			isa = PBXGroup;
			children = (
				8872FDDE26881C4A003B64E2 /* Board */,
				8872FDE126881C4A003B64E2 /* Config */,
				8872FDE426881C4B003B64E2 /* Model */,
				8872FDDF26881C4A003B64E2 /* Networking */,
				8872FDE026881C4A003B64E2 /* SupportFiles */,
				8872FDE226881C4B003B64E2 /* View */,
				8872FDE326881C4B003B64E2 /* ViewModel */,
				8872FDD326881AC0003B64E2 /* Assets.xcassets */,
			);
			path = AtHome;
			sourceTree = "<group>";
		};
/* End PBXGroup section */

/* Begin PBXNativeTarget section */
		8872FDC626881AB1003B64E2 /* AtHome */ = {
			isa = PBXNativeTarget;
			buildConfigurationList = 8872FDDB26881AC0003B64E2 /* Build configuration list for PBXNativeTarget "AtHome" */;
			buildPhases = (
				8872FDC326881AB1003B64E2 /* Sources */,
				8872FDC426881AB1003B64E2 /* Frameworks */,
				8872FDC526881AB1003B64E2 /* Resources */,
			);
			buildRules = (
			);
			dependencies = (
			);
			name = AtHome;
			productName = AtHome;
			productReference = 8872FDC726881AB1003B64E2 /* AtHome.app */;
			productType = "com.apple.product-type.application";
		};
/* End PBXNativeTarget section */

/* Begin PBXProject section */
		8872FDBF26881AB0003B64E2 /* Project object */ = {
			isa = PBXProject;
			attributes = {
				LastSwiftUpdateCheck = 1250;
				LastUpgradeCheck = 1250;
				TargetAttributes = {
					8872FDC626881AB1003B64E2 = {
						CreatedOnToolsVersion = 12.5;
					};
				};
			};
			buildConfigurationList = 8872FDC226881AB0003B64E2 /* Build configuration list for PBXProject "AtHome" */;
			compatibilityVersion = "Xcode 9.3";
			developmentRegion = en;
			hasScannedForEncodings = 0;
			knownRegions = (
				en,
				Base,
			);
			mainGroup = 8872FDBE26881AB0003B64E2;
			productRefGroup = 8872FDC826881AB1003B64E2 /* Products */;
			projectDirPath = "";
			projectRoot = "";
			targets = (
				8872FDC626881AB1003B64E2 /* AtHome */,
			);
		};
/* End PBXProject section */

/* Begin PBXResourcesBuildPhase section */
		8872FDC526881AB1003B64E2 /* Resources */ = {
			isa = PBXResourcesBuildPhase;
			buildActionMask = 2147483647;
			files = (
				8872FDEB26881C4B003B64E2 /* Model in Resources */,
				8872FDE726881C4B003B64E2 /* SupportFiles in Resources */,
				8872FDEA26881C4B003B64E2 /* ViewModel in Resources */,
				8872FDE526881C4B003B64E2 /* Board in Resources */,
				8872FDD426881AC0003B64E2 /* Assets.xcassets in Resources */,
				8872FDE626881C4B003B64E2 /* Networking in Resources */,
				8872FDE826881C4B003B64E2 /* Config in Resources */,
				8872FDE926881C4B003B64E2 /* View in Resources */,
			);
			runOnlyForDeploymentPostprocessing = 0;
		};
/* End PBXResourcesBuildPhase section */

/* Begin PBXSourcesBuildPhase section */
		8872FDC326881AB1003B64E2 /* Sources */ = {
			isa = PBXSourcesBuildPhase;
			buildActionMask = 2147483647;
			files = (
			);
			runOnlyForDeploymentPostprocessing = 0;
		};
/* End PBXSourcesBuildPhase section */

/* Begin XCBuildConfiguration section */
		8872FDD926881AC0003B64E2 /* Debug */ = {
			isa = XCBuildConfiguration;
			buildSettings = {
				ALWAYS_SEARCH_USER_PATHS = NO;
				CLANG_ANALYZER_NONNULL = YES;
				CLANG_ANALYZER_NUMBER_OBJECT_CONVERSION = YES_AGGRESSIVE;
				CLANG_CXX_LANGUAGE_STANDARD = "gnu++14";
				CLANG_CXX_LIBRARY = "libc++";
				CLANG_ENABLE_MODULES = YES;
				CLANG_ENABLE_OBJC_ARC = YES;
				CLANG_ENABLE_OBJC_WEAK = YES;
				CLANG_WARN_BLOCK_CAPTURE_AUTORELEASING = YES;
				CLANG_WARN_BOOL_CONVERSION = YES;
				CLANG_WARN_COMMA = YES;
				CLANG_WARN_CONSTANT_CONVERSION = YES;
				CLANG_WARN_DEPRECATED_OBJC_IMPLEMENTATIONS = YES;
				CLANG_WARN_DIRECT_OBJC_ISA_USAGE = YES_ERROR;
				CLANG_WARN_DOCUMENTATION_COMMENTS = YES;
				CLANG_WARN_EMPTY_BODY = YES;
				CLANG_WARN_ENUM_CONVERSION = YES;
				CLANG_WARN_INFINITE_RECURSION = YES;
				CLANG_WARN_INT_CONVERSION = YES;
				CLANG_WARN_NON_LITERAL_NULL_CONVERSION = YES;
				CLANG_WARN_OBJC_IMPLICIT_RETAIN_SELF = YES;
				CLANG_WARN_OBJC_LITERAL_CONVERSION = YES;
				CLANG_WARN_OBJC_ROOT_CLASS = YES_ERROR;
				CLANG_WARN_QUOTED_INCLUDE_IN_FRAMEWORK_HEADER = YES;
				CLANG_WARN_RANGE_LOOP_ANALYSIS = YES;
				CLANG_WARN_STRICT_PROTOTYPES = YES;
				CLANG_WARN_SUSPICIOUS_MOVE = YES;
				CLANG_WARN_UNGUARDED_AVAILABILITY = YES_AGGRESSIVE;
				CLANG_WARN_UNREACHABLE_CODE = YES;
				CLANG_WARN__DUPLICATE_METHOD_MATCH = YES;
				COPY_PHASE_STRIP = NO;
				DEBUG_INFORMATION_FORMAT = dwarf;
				ENABLE_STRICT_OBJC_MSGSEND = YES;
				ENABLE_TESTABILITY = YES;
				GCC_C_LANGUAGE_STANDARD = gnu11;
				GCC_DYNAMIC_NO_PIC = NO;
				GCC_NO_COMMON_BLOCKS = YES;
				GCC_OPTIMIZATION_LEVEL = 0;
				GCC_PREPROCESSOR_DEFINITIONS = (
					"DEBUG=1",
					"$(inherited)",
				);
				GCC_WARN_64_TO_32_BIT_CONVERSION = YES;
				GCC_WARN_ABOUT_RETURN_TYPE = YES_ERROR;
				GCC_WARN_UNDECLARED_SELECTOR = YES;
				GCC_WARN_UNINITIALIZED_AUTOS = YES_AGGRESSIVE;
				GCC_WARN_UNUSED_FUNCTION = YES;
				GCC_WARN_UNUSED_VARIABLE = YES;
				IPHONEOS_DEPLOYMENT_TARGET = 14.5;
				MTL_ENABLE_DEBUG_INFO = INCLUDE_SOURCE;
				MTL_FAST_MATH = YES;
				ONLY_ACTIVE_ARCH = YES;
				SDKROOT = iphoneos;
				SWIFT_ACTIVE_COMPILATION_CONDITIONS = DEBUG;
				SWIFT_OPTIMIZATION_LEVEL = "-Onone";
			};
			name = Debug;
		};
		8872FDDA26881AC0003B64E2 /* Release */ = {
			isa = XCBuildConfiguration;
			buildSettings = {
				ALWAYS_SEARCH_USER_PATHS = NO;
				CLANG_ANALYZER_NONNULL = YES;
				CLANG_ANALYZER_NUMBER_OBJECT_CONVERSION = YES_AGGRESSIVE;
				CLANG_CXX_LANGUAGE_STANDARD = "gnu++14";
				CLANG_CXX_LIBRARY = "libc++";
				CLANG_ENABLE_MODULES = YES;
				CLANG_ENABLE_OBJC_ARC = YES;
				CLANG_ENABLE_OBJC_WEAK = YES;
				CLANG_WARN_BLOCK_CAPTURE_AUTORELEASING = YES;
				CLANG_WARN_BOOL_CONVERSION = YES;
				CLANG_WARN_COMMA = YES;
				CLANG_WARN_CONSTANT_CONVERSION = YES;
				CLANG_WARN_DEPRECATED_OBJC_IMPLEMENTATIONS = YES;
				CLANG_WARN_DIRECT_OBJC_ISA_USAGE = YES_ERROR;
				CLANG_WARN_DOCUMENTATION_COMMENTS = YES;
				CLANG_WARN_EMPTY_BODY = YES;
				CLANG_WARN_ENUM_CONVERSION = YES;
				CLANG_WARN_INFINITE_RECURSION = YES;
				CLANG_WARN_INT_CONVERSION = YES;
				CLANG_WARN_NON_LITERAL_NULL_CONVERSION = YES;
				CLANG_WARN_OBJC_IMPLICIT_RETAIN_SELF = YES;
				CLANG_WARN_OBJC_LITERAL_CONVERSION = YES;
				CLANG_WARN_OBJC_ROOT_CLASS = YES_ERROR;
				CLANG_WARN_QUOTED_INCLUDE_IN_FRAMEWORK_HEADER = YES;
				CLANG_WARN_RANGE_LOOP_ANALYSIS = YES;
				CLANG_WARN_STRICT_PROTOTYPES = YES;
				CLANG_WARN_SUSPICIOUS_MOVE = YES;
				CLANG_WARN_UNGUARDED_AVAILABILITY = YES_AGGRESSIVE;
				CLANG_WARN_UNREACHABLE_CODE = YES;
				CLANG_WARN__DUPLICATE_METHOD_MATCH = YES;
				COPY_PHASE_STRIP = NO;
				DEBUG_INFORMATION_FORMAT = "dwarf-with-dsym";
				ENABLE_NS_ASSERTIONS = NO;
				ENABLE_STRICT_OBJC_MSGSEND = YES;
				GCC_C_LANGUAGE_STANDARD = gnu11;
				GCC_NO_COMMON_BLOCKS = YES;
				GCC_WARN_64_TO_32_BIT_CONVERSION = YES;
				GCC_WARN_ABOUT_RETURN_TYPE = YES_ERROR;
				GCC_WARN_UNDECLARED_SELECTOR = YES;
				GCC_WARN_UNINITIALIZED_AUTOS = YES_AGGRESSIVE;
				GCC_WARN_UNUSED_FUNCTION = YES;
				GCC_WARN_UNUSED_VARIABLE = YES;
				IPHONEOS_DEPLOYMENT_TARGET = 14.5;
				MTL_ENABLE_DEBUG_INFO = NO;
				MTL_FAST_MATH = YES;
				SDKROOT = iphoneos;
				SWIFT_COMPILATION_MODE = wholemodule;
				SWIFT_OPTIMIZATION_LEVEL = "-O";
				VALIDATE_PRODUCT = YES;
			};
			name = Release;
		};
		8872FDDC26881AC0003B64E2 /* Debug */ = {
			isa = XCBuildConfiguration;
			buildSettings = {
				ASSETCATALOG_COMPILER_APPICON_NAME = AppIcon;
				ASSETCATALOG_COMPILER_GLOBAL_ACCENT_COLOR_NAME = AccentColor;
				CODE_SIGN_STYLE = Automatic;
				INFOPLIST_FILE = AtHome/Info.plist;
				LD_RUNPATH_SEARCH_PATHS = (
					"$(inherited)",
					"@executable_path/Frameworks",
				);
				PRODUCT_BUNDLE_IDENTIFIER = com.Ncovi2021.debug.AtHome;
				PRODUCT_NAME = "$(TARGET_NAME)";
				SWIFT_VERSION = 5.0;
				TARGETED_DEVICE_FAMILY = "1,2";
			};
			name = Debug;
		};
		8872FDDD26881AC0003B64E2 /* Release */ = {
			isa = XCBuildConfiguration;
			buildSettings = {
				ASSETCATALOG_COMPILER_APPICON_NAME = AppIcon;
				ASSETCATALOG_COMPILER_GLOBAL_ACCENT_COLOR_NAME = AccentColor;
				CODE_SIGN_STYLE = Automatic;
				INFOPLIST_FILE = AtHome/Info.plist;
				LD_RUNPATH_SEARCH_PATHS = (
					"$(inherited)",
					"@executable_path/Frameworks",
				);
				PRODUCT_BUNDLE_IDENTIFIER = com.Ncovi2021.debug.AtHome;
				PRODUCT_NAME = "$(TARGET_NAME)";
				SWIFT_VERSION = 5.0;
				TARGETED_DEVICE_FAMILY = "1,2";
			};
			name = Release;
		};
/* End XCBuildConfiguration section */

/* Begin XCConfigurationList section */
		8872FDC226881AB0003B64E2 /* Build configuration list for PBXProject "AtHome" */ = {
			isa = XCConfigurationList;
			buildConfigurations = (
				8872FDD926881AC0003B64E2 /* Debug */,
				8872FDDA26881AC0003B64E2 /* Release */,
			);
			defaultConfigurationIsVisible = 0;
			defaultConfigurationName = Release;
		};
		8872FDDB26881AC0003B64E2 /* Build configuration list for PBXNativeTarget "AtHome" */ = {
			isa = XCConfigurationList;
			buildConfigurations = (
				8872FDDC26881AC0003B64E2 /* Debug */,
				8872FDDD26881AC0003B64E2 /* Release */,
			);
			defaultConfigurationIsVisible = 0;
			defaultConfigurationName = Release;
		};
/* End XCConfigurationList section */
	};
	rootObject = 8872FDBF26881AB0003B64E2 /* Project object */;
}
